
Microsoft Visual Studio Solution File, Format Version 12.00
# Visual Studio Version 16
VisualStudioVersion = 16.0.31829.152
MinimumVisualStudioVersion = 10.0.40219.1
Project("{FAE04EC0-301F-11D3-BF4B-00C04F79EFBC}") = "BitwiseOpreator", "BitwiseOpreator.csproj", "{86465BD9-D15F-4225-BC3C-997AD02E5D89}"
EndProject
Global
	GlobalSection(SolutionConfigurationPlatforms) = preSolution
		Debug|Any CPU = Debug|Any CPU
		Release|Any CPU = Release|Any CPU
	EndGlobalSection
	GlobalSection(ProjectConfigurationPlatforms) = postSolution
		{86465BD9-D15F-4225-BC3C-997AD02E5D89}.Debug|Any CPU.ActiveCfg = Debug|Any CPU
		{86465BD9-D15F-4225-BC3C-997AD02E5D89}.Debug|Any CPU.Build.0 = Debug|Any CPU
		{86465BD9-D15F-4225-BC3C-997AD02E5D89}.Release|Any CPU.ActiveCfg = Release|Any CPU
		{86465BD9-D15F-4225-BC3C-997AD02E5D89}.Release|Any CPU.Build.0 = Release|Any CPU
	EndGlobalSection
	GlobalSection(SolutionProperties) = preSolution
		HideSolutionNode = FALSE
	EndGlobalSection
	GlobalSection(ExtensibilityGlobals) = postSolution
		SolutionGuid = {593F221A-4D99-4E47-B91E-8F55F3D445E1}
	EndGlobalSection
EndGlobal
